// !$*UTF8*$!
{
	archiveVersion = 1;
	classes = {
	};
	objectVersion = 46;
	objects = {

/* Begin PBXBuildFile section */
		CF4CC0B11A76218400E7831E /* Multiset.cpp in Sources */ = {isa = PBXBuildFile; fileRef = CF4CC0AF1A76218400E7831E /* Multiset.cpp */; };
		CFF275471A9A7B5500836A77 /* testcase.cpp in Sources */ = {isa = PBXBuildFile; fileRef = CFF275461A9A7B5500836A77 /* testcase.cpp */; };
/* End PBXBuildFile section */

/* Begin PBXCopyFilesBuildPhase section */
		CF4CC0A31A76214700E7831E /* CopyFiles */ = {
			isa = PBXCopyFilesBuildPhase;
			buildActionMask = 2147483647;
			dstPath = /usr/share/man/man1/;
			dstSubfolderSpec = 0;
			files = (
			);
			runOnlyForDeploymentPostprocessing = 1;
		};
/* End PBXCopyFilesBuildPhase section */

/* Begin PBXFileReference section */
		CF4CC0A51A76214700E7831E /* cs32proj2 */ = {isa = PBXFileReference; explicitFileType = "compiled.mach-o.executable"; includeInIndex = 0; path = cs32proj2; sourceTree = BUILT_PRODUCTS_DIR; };
		CF4CC0AF1A76218400E7831E /* Multiset.cpp */ = {isa = PBXFileReference; fileEncoding = 4; lastKnownFileType = sourcecode.cpp.cpp; path = Multiset.cpp; sourceTree = "<group>"; };
		CF4CC0B01A76218400E7831E /* Multiset.h */ = {isa = PBXFileReference; fileEncoding = 4; lastKnownFileType = sourcecode.c.h; path = Multiset.h; sourceTree = "<group>"; };
		CFF275461A9A7B5500836A77 /* testcase.cpp */ = {isa = PBXFileReference; fileEncoding = 4; lastKnownFileType = sourcecode.cpp.cpp; path = testcase.cpp; sourceTree = "<group>"; };
		CFF275481A9A7BBD00836A77 /* ourType.h */ = {isa = PBXFileReference; lastKnownFileType = sourcecode.c.h; path = ourType.h; sourceTree = "<group>"; };
/* End PBXFileReference section */

/* Begin PBXFrameworksBuildPhase section */
		CF4CC0A21A76214700E7831E /* Frameworks */ = {
			isa = PBXFrameworksBuildPhase;
			buildActionMask = 2147483647;
			files = (
			);
			runOnlyForDeploymentPostprocessing = 0;
		};
/* End PBXFrameworksBuildPhase section */

/* Begin PBXGroup section */
		CF4CC09C1A76214700E7831E = {
			isa = PBXGroup;
			children = (
				CF4CC0A71A76214700E7831E /* cs32proj2 */,
				CF4CC0A61A76214700E7831E /* Products */,
			);
			sourceTree = "<group>";
		};
		CF4CC0A61A76214700E7831E /* Products */ = {
			isa = PBXGroup;
			children = (
				CF4CC0A51A76214700E7831E /* cs32proj2 */,
			);
			name = Products;
			sourceTree = "<group>";
		};
		CF4CC0A71A76214700E7831E /* cs32proj2 */ = {
			isa = PBXGroup;
			children = (
				CF4CC0AF1A76218400E7831E /* Multiset.cpp */,
				CF4CC0B01A76218400E7831E /* Multiset.h */,
				CFF275461A9A7B5500836A77 /* testcase.cpp */,
				CFF275481A9A7BBD00836A77 /* ourType.h */,
			);
			path = cs32proj2;
			sourceTree = "<group>";
		};
/* End PBXGroup section */

/* Begin PBXNativeTarget section */
		CF4CC0A41A76214700E7831E /* cs32proj2 */ = {
			isa = PBXNativeTarget;
			buildConfigurationList = CF4CC0AC1A76214700E7831E /* Build configuration list for PBXNativeTarget "cs32proj2" */;
			buildPhases = (
				CF4CC0A11A76214700E7831E /* Sources */,
				CF4CC0A21A76214700E7831E /* Frameworks */,
				CF4CC0A31A76214700E7831E /* CopyFiles */,
			);
			buildRules = (
			);
			dependencies = (
			);
			name = cs32proj2;
			productName = cs32proj2;
			productReference = CF4CC0A51A76214700E7831E /* cs32proj2 */;
			productType = "com.apple.product-type.tool";
		};
/* End PBXNativeTarget section */

/* Begin PBXProject section */
		CF4CC09D1A76214700E7831E /* Project object */ = {
			isa = PBXProject;
			attributes = {
				LastUpgradeCheck = 0610;
				ORGANIZATIONNAME = "Cici Ni";
				TargetAttributes = {
					CF4CC0A41A76214700E7831E = {
						CreatedOnToolsVersion = 6.1.1;
					};
				};
			};
			buildConfigurationList = CF4CC0A01A76214700E7831E /* Build configuration list for PBXProject "cs32proj2" */;
			compatibilityVersion = "Xcode 3.2";
			developmentRegion = English;
			hasScannedForEncodings = 0;
			knownRegions = (
				en,
			);
			mainGroup = CF4CC09C1A76214700E7831E;
			productRefGroup = CF4CC0A61A76214700E7831E /* Products */;
			projectDirPath = "";
			projectRoot = "";
			targets = (
				CF4CC0A41A76214700E7831E /* cs32proj2 */,
			);
		};
/* End PBXProject section */

/* Begin PBXSourcesBuildPhase section */
		CF4CC0A11A76214700E7831E /* Sources */ = {
			isa = PBXSourcesBuildPhase;
			buildActionMask = 2147483647;
			files = (
				CF4CC0B11A76218400E7831E /* Multiset.cpp in Sources */,
				CFF275471A9A7B5500836A77 /* testcase.cpp in Sources */,
			);
			runOnlyForDeploymentPostprocessing = 0;
		};
/* End PBXSourcesBuildPhase section */

/* Begin XCBuildConfiguration section */
		CF4CC0AA1A76214700E7831E /* Debug */ = {
			isa = XCBuildConfiguration;
			buildSettings = {
				ALWAYS_SEARCH_USER_PATHS = NO;
				CLANG_CXX_LANGUAGE_STANDARD = "gnu++0x";
				CLANG_CXX_LIBRARY = "libc++";
				CLANG_ENABLE_MODULES = YES;
				CLANG_ENABLE_OBJC_ARC = YES;
				CLANG_WARN_BOOL_CONVERSION = YES;
				CLANG_WARN_CONSTANT_CONVERSION = YES;
				CLANG_WARN_DIRECT_OBJC_ISA_USAGE = YES_ERROR;
				CLANG_WARN_EMPTY_BODY = YES;
				CLANG_WARN_ENUM_CONVERSION = YES;
				CLANG_WARN_INT_CONVERSION = YES;
				CLANG_WARN_OBJC_ROOT_CLASS = YES_ERROR;
				CLANG_WARN_UNREACHABLE_CODE = YES;
				CLANG_WARN__DUPLICATE_METHOD_MATCH = YES;
				COPY_PHASE_STRIP = NO;
				ENABLE_STRICT_OBJC_MSGSEND = YES;
				GCC_C_LANGUAGE_STANDARD = gnu99;
				GCC_DYNAMIC_NO_PIC = NO;
				GCC_OPTIMIZATION_LEVEL = 0;
				GCC_PREPROCESSOR_DEFINITIONS = (
					"DEBUG=1",
					"$(inherited)",
				);
				GCC_SYMBOLS_PRIVATE_EXTERN = NO;
				GCC_WARN_64_TO_32_BIT_CONVERSION = YES;
				GCC_WARN_ABOUT_RETURN_TYPE = YES_ERROR;
				GCC_WARN_UNDECLARED_SELECTOR = YES;
				GCC_WARN_UNINITIALIZED_AUTOS = YES_AGGRESSIVE;
				GCC_WARN_UNUSED_FUNCTION = YES;
				GCC_WARN_UNUSED_VARIABLE = YES;
				MACOSX_DEPLOYMENT_TARGET = 10.10;
				MTL_ENABLE_DEBUG_INFO = YES;
				ONLY_ACTIVE_ARCH = YES;
				SDKROOT = macosx;
			};
			name = Debug;
		};
		CF4CC0AB1A76214700E7831E /* Release */ = {
			isa = XCBuildConfiguration;
			buildSettings = {
				ALWAYS_SEARCH_USER_PATHS = NO;
				CLANG_CXX_LANGUAGE_STANDARD = "gnu++0x";
				CLANG_CXX_LIBRARY = "libc++";
				CLANG_ENABLE_MODULES = YES;
				CLANG_ENABLE_OBJC_ARC = YES;
				CLANG_WARN_BOOL_CONVERSION = YES;
				CLANG_WARN_CONSTANT_CONVERSION = YES;
				CLANG_WARN_DIRECT_OBJC_ISA_USAGE = YES_ERROR;
				CLANG_WARN_EMPTY_BODY = YES;
				CLANG_WARN_ENUM_CONVERSION = YES;
				CLANG_WARN_INT_CONVERSION = YES;
				CLANG_WARN_OBJC_ROOT_CLASS = YES_ERROR;
				CLANG_WARN_UNREACHABLE_CODE = YES;
				CLANG_WARN__DUPLICATE_METHOD_MATCH = YES;
				COPY_PHASE_STRIP = YES;
				DEBUG_INFORMATION_FORMAT = "dwarf-with-dsym";
				ENABLE_NS_ASSERTIONS = NO;
				ENABLE_STRICT_OBJC_MSGSEND = YES;
				GCC_C_LANGUAGE_STANDARD = gnu99;
				GCC_WARN_64_TO_32_BIT_CONVERSION = YES;
				GCC_WARN_ABOUT_RETURN_TYPE = YES_ERROR;
				GCC_WARN_UNDECLARED_SELECTOR = YES;
				GCC_WARN_UNINITIALIZED_AUTOS = YES_AGGRESSIVE;
				GCC_WARN_UNUSED_FUNCTION = YES;
				GCC_WARN_UNUSED_VARIABLE = YES;
				MACOSX_DEPLOYMENT_TARGET = 10.10;
				MTL_ENABLE_DEBUG_INFO = NO;
				SDKROOT = macosx;
			};
			name = Release;
		};
		CF4CC0AD1A76214700E7831E /* Debug */ = {
			isa = XCBuildConfiguration;
			buildSettings = {
				PRODUCT_NAME = "$(TARGET_NAME)";
			};
			name = Debug;
		};
		CF4CC0AE1A76214700E7831E /* Release */ = {
			isa = XCBuildConfiguration;
			buildSettings = {
				PRODUCT_NAME = "$(TARGET_NAME)";
			};
			name = Release;
		};
/* End XCBuildConfiguration section */

/* Begin XCConfigurationList section */
		CF4CC0A01A76214700E7831E /* Build configuration list for PBXProject "cs32proj2" */ = {
			isa = XCConfigurationList;
			buildConfigurations = (
				CF4CC0AA1A76214700E7831E /* Debug */,
				CF4CC0AB1A76214700E7831E /* Release */,
			);
			defaultConfigurationIsVisible = 0;
			defaultConfigurationName = Release;
		};
		CF4CC0AC1A76214700E7831E /* Build configuration list for PBXNativeTarget "cs32proj2" */ = {
			isa = XCConfigurationList;
			buildConfigurations = (
				CF4CC0AD1A76214700E7831E /* Debug */,
				CF4CC0AE1A76214700E7831E /* Release */,
			);
			defaultConfigurationIsVisible = 0;
			defaultConfigurationName = Release;
		};
/* End XCConfigurationList section */
	};
	rootObject = CF4CC09D1A76214700E7831E /* Project object */;
}
